// !$*UTF8*$!
{
	archiveVersion = 1;
	classes = {
	};
	objectVersion = 55;
	objects = {

/* Begin PBXBuildFile section */
		CE8A7BFC28BBD677006228EA /* AppDelegate.swift in Sources */ = {isa = PBXBuildFile; fileRef = CE8A7BFB28BBD677006228EA /* AppDelegate.swift */; };
		CE8A7BFE28BBD677006228EA /* SceneDelegate.swift in Sources */ = {isa = PBXBuildFile; fileRef = CE8A7BFD28BBD677006228EA /* SceneDelegate.swift */; };
		CE8A7C0028BBD677006228EA /* ViewController.swift in Sources */ = {isa = PBXBuildFile; fileRef = CE8A7BFF28BBD677006228EA /* ViewController.swift */; };
		CE8A7C0328BBD677006228EA /* Main.storyboard in Resources */ = {isa = PBXBuildFile; fileRef = CE8A7C0128BBD677006228EA /* Main.storyboard */; };
		CE8A7C0528BBD678006228EA /* Assets.xcassets in Resources */ = {isa = PBXBuildFile; fileRef = CE8A7C0428BBD678006228EA /* Assets.xcassets */; };
		CE8A7C0828BBD678006228EA /* LaunchScreen.storyboard in Resources */ = {isa = PBXBuildFile; fileRef = CE8A7C0628BBD678006228EA /* LaunchScreen.storyboard */; };
		CE8A7C1328BBD678006228EA /* CodePathPreworkTests.swift in Sources */ = {isa = PBXBuildFile; fileRef = CE8A7C1228BBD678006228EA /* CodePathPreworkTests.swift */; };
		CE8A7C1D28BBD678006228EA /* CodePathPreworkUITests.swift in Sources */ = {isa = PBXBuildFile; fileRef = CE8A7C1C28BBD678006228EA /* CodePathPreworkUITests.swift */; };
		CE8A7C1F28BBD678006228EA /* CodePathPreworkUITestsLaunchTests.swift in Sources */ = {isa = PBXBuildFile; fileRef = CE8A7C1E28BBD678006228EA /* CodePathPreworkUITestsLaunchTests.swift */; };
/* End PBXBuildFile section */

/* Begin PBXContainerItemProxy section */
		CE8A7C0F28BBD678006228EA /* PBXContainerItemProxy */ = {
			isa = PBXContainerItemProxy;
			containerPortal = CE8A7BF028BBD677006228EA /* Project object */;
			proxyType = 1;
			remoteGlobalIDString = CE8A7BF728BBD677006228EA;
			remoteInfo = CodePathPrework;
		};
		CE8A7C1928BBD678006228EA /* PBXContainerItemProxy */ = {
			isa = PBXContainerItemProxy;
			containerPortal = CE8A7BF028BBD677006228EA /* Project object */;
			proxyType = 1;
			remoteGlobalIDString = CE8A7BF728BBD677006228EA;
			remoteInfo = CodePathPrework;
		};
/* End PBXContainerItemProxy section */

/* Begin PBXFileReference section */
		CE8A7BF828BBD677006228EA /* CodePathPrework.app */ = {isa = PBXFileReference; explicitFileType = wrapper.application; includeInIndex = 0; path = CodePathPrework.app; sourceTree = BUILT_PRODUCTS_DIR; };
		CE8A7BFB28BBD677006228EA /* AppDelegate.swift */ = {isa = PBXFileReference; lastKnownFileType = sourcecode.swift; path = AppDelegate.swift; sourceTree = "<group>"; };
		CE8A7BFD28BBD677006228EA /* SceneDelegate.swift */ = {isa = PBXFileReference; lastKnownFileType = sourcecode.swift; path = SceneDelegate.swift; sourceTree = "<group>"; };
		CE8A7BFF28BBD677006228EA /* ViewController.swift */ = {isa = PBXFileReference; lastKnownFileType = sourcecode.swift; path = ViewController.swift; sourceTree = "<group>"; };
		CE8A7C0228BBD677006228EA /* Base */ = {isa = PBXFileReference; lastKnownFileType = file.storyboard; name = Base; path = Base.lproj/Main.storyboard; sourceTree = "<group>"; };
		CE8A7C0428BBD678006228EA /* Assets.xcassets */ = {isa = PBXFileReference; lastKnownFileType = folder.assetcatalog; path = Assets.xcassets; sourceTree = "<group>"; };
		CE8A7C0728BBD678006228EA /* Base */ = {isa = PBXFileReference; lastKnownFileType = file.storyboard; name = Base; path = Base.lproj/LaunchScreen.storyboard; sourceTree = "<group>"; };
		CE8A7C0928BBD678006228EA /* Info.plist */ = {isa = PBXFileReference; lastKnownFileType = text.plist.xml; path = Info.plist; sourceTree = "<group>"; };
		CE8A7C0E28BBD678006228EA /* CodePathPreworkTests.xctest */ = {isa = PBXFileReference; explicitFileType = wrapper.cfbundle; includeInIndex = 0; path = CodePathPreworkTests.xctest; sourceTree = BUILT_PRODUCTS_DIR; };
		CE8A7C1228BBD678006228EA /* CodePathPreworkTests.swift */ = {isa = PBXFileReference; lastKnownFileType = sourcecode.swift; path = CodePathPreworkTests.swift; sourceTree = "<group>"; };
		CE8A7C1828BBD678006228EA /* CodePathPreworkUITests.xctest */ = {isa = PBXFileReference; explicitFileType = wrapper.cfbundle; includeInIndex = 0; path = CodePathPreworkUITests.xctest; sourceTree = BUILT_PRODUCTS_DIR; };
		CE8A7C1C28BBD678006228EA /* CodePathPreworkUITests.swift */ = {isa = PBXFileReference; lastKnownFileType = sourcecode.swift; path = CodePathPreworkUITests.swift; sourceTree = "<group>"; };
		CE8A7C1E28BBD678006228EA /* CodePathPreworkUITestsLaunchTests.swift */ = {isa = PBXFileReference; lastKnownFileType = sourcecode.swift; path = CodePathPreworkUITestsLaunchTests.swift; sourceTree = "<group>"; };
/* End PBXFileReference section */

/* Begin PBXFrameworksBuildPhase section */
		CE8A7BF528BBD677006228EA /* Frameworks */ = {
			isa = PBXFrameworksBuildPhase;
			buildActionMask = 2147483647;
			files = (
			);
			runOnlyForDeploymentPostprocessing = 0;
		};
		CE8A7C0B28BBD678006228EA /* Frameworks */ = {
			isa = PBXFrameworksBuildPhase;
			buildActionMask = 2147483647;
			files = (
			);
			runOnlyForDeploymentPostprocessing = 0;
		};
		CE8A7C1528BBD678006228EA /* Frameworks */ = {
			isa = PBXFrameworksBuildPhase;
			buildActionMask = 2147483647;
			files = (
			);
			runOnlyForDeploymentPostprocessing = 0;
		};
/* End PBXFrameworksBuildPhase section */

/* Begin PBXGroup section */
		CE8A7BEF28BBD677006228EA = {
			isa = PBXGroup;
			children = (
				CE8A7BFA28BBD677006228EA /* CodePathPrework */,
				CE8A7C1128BBD678006228EA /* CodePathPreworkTests */,
				CE8A7C1B28BBD678006228EA /* CodePathPreworkUITests */,
				CE8A7BF928BBD677006228EA /* Products */,
			);
			sourceTree = "<group>";
		};
		CE8A7BF928BBD677006228EA /* Products */ = {
			isa = PBXGroup;
			children = (
				CE8A7BF828BBD677006228EA /* CodePathPrework.app */,
				CE8A7C0E28BBD678006228EA /* CodePathPreworkTests.xctest */,
				CE8A7C1828BBD678006228EA /* CodePathPreworkUITests.xctest */,
			);
			name = Products;
			sourceTree = "<group>";
		};
		CE8A7BFA28BBD677006228EA /* CodePathPrework */ = {
			isa = PBXGroup;
			children = (
				CE8A7BFB28BBD677006228EA /* AppDelegate.swift */,
				CE8A7BFD28BBD677006228EA /* SceneDelegate.swift */,
				CE8A7BFF28BBD677006228EA /* ViewController.swift */,
				CE8A7C0128BBD677006228EA /* Main.storyboard */,
				CE8A7C0428BBD678006228EA /* Assets.xcassets */,
				CE8A7C0628BBD678006228EA /* LaunchScreen.storyboard */,
				CE8A7C0928BBD678006228EA /* Info.plist */,
			);
			path = CodePathPrework;
			sourceTree = "<group>";
		};
		CE8A7C1128BBD678006228EA /* CodePathPreworkTests */ = {
			isa = PBXGroup;
			children = (
				CE8A7C1228BBD678006228EA /* CodePathPreworkTests.swift */,
			);
			path = CodePathPreworkTests;
			sourceTree = "<group>";
		};
		CE8A7C1B28BBD678006228EA /* CodePathPreworkUITests */ = {
			isa = PBXGroup;
			children = (
				CE8A7C1C28BBD678006228EA /* CodePathPreworkUITests.swift */,
				CE8A7C1E28BBD678006228EA /* CodePathPreworkUITestsLaunchTests.swift */,
			);
			path = CodePathPreworkUITests;
			sourceTree = "<group>";
		};
/* End PBXGroup section */

/* Begin PBXNativeTarget section */
		CE8A7BF728BBD677006228EA /* CodePathPrework */ = {
			isa = PBXNativeTarget;
			buildConfigurationList = CE8A7C2228BBD678006228EA /* Build configuration list for PBXNativeTarget "CodePathPrework" */;
			buildPhases = (
				CE8A7BF428BBD677006228EA /* Sources */,
				CE8A7BF528BBD677006228EA /* Frameworks */,
				CE8A7BF628BBD677006228EA /* Resources */,
			);
			buildRules = (
			);
			dependencies = (
			);
			name = CodePathPrework;
			productName = CodePathPrework;
			productReference = CE8A7BF828BBD677006228EA /* CodePathPrework.app */;
			productType = "com.apple.product-type.application";
		};
		CE8A7C0D28BBD678006228EA /* CodePathPreworkTests */ = {
			isa = PBXNativeTarget;
			buildConfigurationList = CE8A7C2528BBD678006228EA /* Build configuration list for PBXNativeTarget "CodePathPreworkTests" */;
			buildPhases = (
				CE8A7C0A28BBD678006228EA /* Sources */,
				CE8A7C0B28BBD678006228EA /* Frameworks */,
				CE8A7C0C28BBD678006228EA /* Resources */,
			);
			buildRules = (
			);
			dependencies = (
				CE8A7C1028BBD678006228EA /* PBXTargetDependency */,
			);
			name = CodePathPreworkTests;
			productName = CodePathPreworkTests;
			productReference = CE8A7C0E28BBD678006228EA /* CodePathPreworkTests.xctest */;
			productType = "com.apple.product-type.bundle.unit-test";
		};
		CE8A7C1728BBD678006228EA /* CodePathPreworkUITests */ = {
			isa = PBXNativeTarget;
			buildConfigurationList = CE8A7C2828BBD678006228EA /* Build configuration list for PBXNativeTarget "CodePathPreworkUITests" */;
			buildPhases = (
				CE8A7C1428BBD678006228EA /* Sources */,
				CE8A7C1528BBD678006228EA /* Frameworks */,
				CE8A7C1628BBD678006228EA /* Resources */,
			);
			buildRules = (
			);
			dependencies = (
				CE8A7C1A28BBD678006228EA /* PBXTargetDependency */,
			);
			name = CodePathPreworkUITests;
			productName = CodePathPreworkUITests;
			productReference = CE8A7C1828BBD678006228EA /* CodePathPreworkUITests.xctest */;
			productType = "com.apple.product-type.bundle.ui-testing";
		};
/* End PBXNativeTarget section */

/* Begin PBXProject section */
		CE8A7BF028BBD677006228EA /* Project object */ = {
			isa = PBXProject;
			attributes = {
				BuildIndependentTargetsInParallel = 1;
				LastSwiftUpdateCheck = 1340;
				LastUpgradeCheck = 1340;
				TargetAttributes = {
					CE8A7BF728BBD677006228EA = {
						CreatedOnToolsVersion = 13.4.1;
					};
					CE8A7C0D28BBD678006228EA = {
						CreatedOnToolsVersion = 13.4.1;
						TestTargetID = CE8A7BF728BBD677006228EA;
					};
					CE8A7C1728BBD678006228EA = {
						CreatedOnToolsVersion = 13.4.1;
						TestTargetID = CE8A7BF728BBD677006228EA;
					};
				};
			};
			buildConfigurationList = CE8A7BF328BBD677006228EA /* Build configuration list for PBXProject "CodePathPrework" */;
			compatibilityVersion = "Xcode 13.0";
			developmentRegion = en;
			hasScannedForEncodings = 0;
			knownRegions = (
				en,
				Base,
			);
			mainGroup = CE8A7BEF28BBD677006228EA;
			productRefGroup = CE8A7BF928BBD677006228EA /* Products */;
			projectDirPath = "";
			projectRoot = "";
			targets = (
				CE8A7BF728BBD677006228EA /* CodePathPrework */,
				CE8A7C0D28BBD678006228EA /* CodePathPreworkTests */,
				CE8A7C1728BBD678006228EA /* CodePathPreworkUITests */,
			);
		};
/* End PBXProject section */

/* Begin PBXResourcesBuildPhase section */
		CE8A7BF628BBD677006228EA /* Resources */ = {
			isa = PBXResourcesBuildPhase;
			buildActionMask = 2147483647;
			files = (
				CE8A7C0828BBD678006228EA /* LaunchScreen.storyboard in Resources */,
				CE8A7C0528BBD678006228EA /* Assets.xcassets in Resources */,
				CE8A7C0328BBD677006228EA /* Main.storyboard in Resources */,
			);
			runOnlyForDeploymentPostprocessing = 0;
		};
		CE8A7C0C28BBD678006228EA /* Resources */ = {
			isa = PBXResourcesBuildPhase;
			buildActionMask = 2147483647;
			files = (
			);
			runOnlyForDeploymentPostprocessing = 0;
		};
		CE8A7C1628BBD678006228EA /* Resources */ = {
			isa = PBXResourcesBuildPhase;
			buildActionMask = 2147483647;
			files = (
			);
			runOnlyForDeploymentPostprocessing = 0;
		};
/* End PBXResourcesBuildPhase section */

/* Begin PBXSourcesBuildPhase section */
		CE8A7BF428BBD677006228EA /* Sources */ = {
			isa = PBXSourcesBuildPhase;
			buildActionMask = 2147483647;
			files = (
				CE8A7C0028BBD677006228EA /* ViewController.swift in Sources */,
				CE8A7BFC28BBD677006228EA /* AppDelegate.swift in Sources */,
				CE8A7BFE28BBD677006228EA /* SceneDelegate.swift in Sources */,
			);
			runOnlyForDeploymentPostprocessing = 0;
		};
		CE8A7C0A28BBD678006228EA /* Sources */ = {
			isa = PBXSourcesBuildPhase;
			buildActionMask = 2147483647;
			files = (
				CE8A7C1328BBD678006228EA /* CodePathPreworkTests.swift in Sources */,
			);
			runOnlyForDeploymentPostprocessing = 0;
		};
		CE8A7C1428BBD678006228EA /* Sources */ = {
			isa = PBXSourcesBuildPhase;
			buildActionMask = 2147483647;
			files = (
				CE8A7C1D28BBD678006228EA /* CodePathPreworkUITests.swift in Sources */,
				CE8A7C1F28BBD678006228EA /* CodePathPreworkUITestsLaunchTests.swift in Sources */,
			);
			runOnlyForDeploymentPostprocessing = 0;
		};
/* End PBXSourcesBuildPhase section */

/* Begin PBXTargetDependency section */
		CE8A7C1028BBD678006228EA /* PBXTargetDependency */ = {
			isa = PBXTargetDependency;
			target = CE8A7BF728BBD677006228EA /* CodePathPrework */;
			targetProxy = CE8A7C0F28BBD678006228EA /* PBXContainerItemProxy */;
		};
		CE8A7C1A28BBD678006228EA /* PBXTargetDependency */ = {
			isa = PBXTargetDependency;
			target = CE8A7BF728BBD677006228EA /* CodePathPrework */;
			targetProxy = CE8A7C1928BBD678006228EA /* PBXContainerItemProxy */;
		};
/* End PBXTargetDependency section */

/* Begin PBXVariantGroup section */
		CE8A7C0128BBD677006228EA /* Main.storyboard */ = {
			isa = PBXVariantGroup;
			children = (
				CE8A7C0228BBD677006228EA /* Base */,
			);
			name = Main.storyboard;
			sourceTree = "<group>";
		};
		CE8A7C0628BBD678006228EA /* LaunchScreen.storyboard */ = {
			isa = PBXVariantGroup;
			children = (
				CE8A7C0728BBD678006228EA /* Base */,
			);
			name = LaunchScreen.storyboard;
			sourceTree = "<group>";
		};
/* End PBXVariantGroup section */

/* Begin XCBuildConfiguration section */
		CE8A7C2028BBD678006228EA /* Debug */ = {
			isa = XCBuildConfiguration;
			buildSettings = {
				ALWAYS_SEARCH_USER_PATHS = NO;
				CLANG_ANALYZER_NONNULL = YES;
				CLANG_ANALYZER_NUMBER_OBJECT_CONVERSION = YES_AGGRESSIVE;
				CLANG_CXX_LANGUAGE_STANDARD = "gnu++17";
				CLANG_ENABLE_MODULES = YES;
				CLANG_ENABLE_OBJC_ARC = YES;
				CLANG_ENABLE_OBJC_WEAK = YES;
				CLANG_WARN_BLOCK_CAPTURE_AUTORELEASING = YES;
				CLANG_WARN_BOOL_CONVERSION = YES;
				CLANG_WARN_COMMA = YES;
				CLANG_WARN_CONSTANT_CONVERSION = YES;
				CLANG_WARN_DEPRECATED_OBJC_IMPLEMENTATIONS = YES;
				CLANG_WARN_DIRECT_OBJC_ISA_USAGE = YES_ERROR;
				CLANG_WARN_DOCUMENTATION_COMMENTS = YES;
				CLANG_WARN_EMPTY_BODY = YES;
				CLANG_WARN_ENUM_CONVERSION = YES;
				CLANG_WARN_INFINITE_RECURSION = YES;
				CLANG_WARN_INT_CONVERSION = YES;
				CLANG_WARN_NON_LITERAL_NULL_CONVERSION = YES;
				CLANG_WARN_OBJC_IMPLICIT_RETAIN_SELF = YES;
				CLANG_WARN_OBJC_LITERAL_CONVERSION = YES;
				CLANG_WARN_OBJC_ROOT_CLASS = YES_ERROR;
				CLANG_WARN_QUOTED_INCLUDE_IN_FRAMEWORK_HEADER = YES;
				CLANG_WARN_RANGE_LOOP_ANALYSIS = YES;
				CLANG_WARN_STRICT_PROTOTYPES = YES;
				CLANG_WARN_SUSPICIOUS_MOVE = YES;
				CLANG_WARN_UNGUARDED_AVAILABILITY = YES_AGGRESSIVE;
				CLANG_WARN_UNREACHABLE_CODE = YES;
				CLANG_WARN__DUPLICATE_METHOD_MATCH = YES;
				COPY_PHASE_STRIP = NO;
				DEBUG_INFORMATION_FORMAT = dwarf;
				ENABLE_STRICT_OBJC_MSGSEND = YES;
				ENABLE_TESTABILITY = YES;
				GCC_C_LANGUAGE_STANDARD = gnu11;
				GCC_DYNAMIC_NO_PIC = NO;
				GCC_NO_COMMON_BLOCKS = YES;
				GCC_OPTIMIZATION_LEVEL = 0;
				GCC_PREPROCESSOR_DEFINITIONS = (
					"DEBUG=1",
					"$(inherited)",
				);
				GCC_WARN_64_TO_32_BIT_CONVERSION = YES;
				GCC_WARN_ABOUT_RETURN_TYPE = YES_ERROR;
				GCC_WARN_UNDECLARED_SELECTOR = YES;
				GCC_WARN_UNINITIALIZED_AUTOS = YES_AGGRESSIVE;
				GCC_WARN_UNUSED_FUNCTION = YES;
				GCC_WARN_UNUSED_VARIABLE = YES;
				IPHONEOS_DEPLOYMENT_TARGET = 15.5;
				MTL_ENABLE_DEBUG_INFO = INCLUDE_SOURCE;
				MTL_FAST_MATH = YES;
				ONLY_ACTIVE_ARCH = YES;
				SDKROOT = iphoneos;
				SWIFT_ACTIVE_COMPILATION_CONDITIONS = DEBUG;
				SWIFT_OPTIMIZATION_LEVEL = "-Onone";
			};
			name = Debug;
		};
		CE8A7C2128BBD678006228EA /* Release */ = {
			isa = XCBuildConfiguration;
			buildSettings = {
				ALWAYS_SEARCH_USER_PATHS = NO;
				CLANG_ANALYZER_NONNULL = YES;
				CLANG_ANALYZER_NUMBER_OBJECT_CONVERSION = YES_AGGRESSIVE;
				CLANG_CXX_LANGUAGE_STANDARD = "gnu++17";
				CLANG_ENABLE_MODULES = YES;
				CLANG_ENABLE_OBJC_ARC = YES;
				CLANG_ENABLE_OBJC_WEAK = YES;
				CLANG_WARN_BLOCK_CAPTURE_AUTORELEASING = YES;
				CLANG_WARN_BOOL_CONVERSION = YES;
				CLANG_WARN_COMMA = YES;
				CLANG_WARN_CONSTANT_CONVERSION = YES;
				CLANG_WARN_DEPRECATED_OBJC_IMPLEMENTATIONS = YES;
				CLANG_WARN_DIRECT_OBJC_ISA_USAGE = YES_ERROR;
				CLANG_WARN_DOCUMENTATION_COMMENTS = YES;
				CLANG_WARN_EMPTY_BODY = YES;
				CLANG_WARN_ENUM_CONVERSION = YES;
				CLANG_WARN_INFINITE_RECURSION = YES;
				CLANG_WARN_INT_CONVERSION = YES;
				CLANG_WARN_NON_LITERAL_NULL_CONVERSION = YES;
				CLANG_WARN_OBJC_IMPLICIT_RETAIN_SELF = YES;
				CLANG_WARN_OBJC_LITERAL_CONVERSION = YES;
				CLANG_WARN_OBJC_ROOT_CLASS = YES_ERROR;
				CLANG_WARN_QUOTED_INCLUDE_IN_FRAMEWORK_HEADER = YES;
				CLANG_WARN_RANGE_LOOP_ANALYSIS = YES;
				CLANG_WARN_STRICT_PROTOTYPES = YES;
				CLANG_WARN_SUSPICIOUS_MOVE = YES;
				CLANG_WARN_UNGUARDED_AVAILABILITY = YES_AGGRESSIVE;
				CLANG_WARN_UNREACHABLE_CODE = YES;
				CLANG_WARN__DUPLICATE_METHOD_MATCH = YES;
				COPY_PHASE_STRIP = NO;
				DEBUG_INFORMATION_FORMAT = "dwarf-with-dsym";
				ENABLE_NS_ASSERTIONS = NO;
				ENABLE_STRICT_OBJC_MSGSEND = YES;
				GCC_C_LANGUAGE_STANDARD = gnu11;
				GCC_NO_COMMON_BLOCKS = YES;
				GCC_WARN_64_TO_32_BIT_CONVERSION = YES;
				GCC_WARN_ABOUT_RETURN_TYPE = YES_ERROR;
				GCC_WARN_UNDECLARED_SELECTOR = YES;
				GCC_WARN_UNINITIALIZED_AUTOS = YES_AGGRESSIVE;
				GCC_WARN_UNUSED_FUNCTION = YES;
				GCC_WARN_UNUSED_VARIABLE = YES;
				IPHONEOS_DEPLOYMENT_TARGET = 15.5;
				MTL_ENABLE_DEBUG_INFO = NO;
				MTL_FAST_MATH = YES;
				SDKROOT = iphoneos;
				SWIFT_COMPILATION_MODE = wholemodule;
				SWIFT_OPTIMIZATION_LEVEL = "-O";
				VALIDATE_PRODUCT = YES;
			};
			name = Release;
		};
		CE8A7C2328BBD678006228EA /* Debug */ = {
			isa = XCBuildConfiguration;
			buildSettings = {
				ASSETCATALOG_COMPILER_APPICON_NAME = AppIcon;
				ASSETCATALOG_COMPILER_GLOBAL_ACCENT_COLOR_NAME = AccentColor;
				CODE_SIGN_STYLE = Automatic;
				CURRENT_PROJECT_VERSION = 1;
				GENERATE_INFOPLIST_FILE = YES;
				INFOPLIST_FILE = CodePathPrework/Info.plist;
				INFOPLIST_KEY_UIApplicationSupportsIndirectInputEvents = YES;
				INFOPLIST_KEY_UILaunchStoryboardName = LaunchScreen;
				INFOPLIST_KEY_UIMainStoryboardFile = Main;
				INFOPLIST_KEY_UISupportedInterfaceOrientations_iPad = "UIInterfaceOrientationPortrait UIInterfaceOrientationPortraitUpsideDown UIInterfaceOrientationLandscapeLeft UIInterfaceOrientationLandscapeRight";
				INFOPLIST_KEY_UISupportedInterfaceOrientations_iPhone = "UIInterfaceOrientationPortrait UIInterfaceOrientationLandscapeLeft UIInterfaceOrientationLandscapeRight";
				LD_RUNPATH_SEARCH_PATHS = (
					"$(inherited)",
					"@executable_path/Frameworks",
				);
				MARKETING_VERSION = 1.0;
				PRODUCT_BUNDLE_IDENTIFIER = "Loc-Tran.CodePathPrework";
				PRODUCT_NAME = "$(TARGET_NAME)";
				SWIFT_EMIT_LOC_STRINGS = YES;
				SWIFT_VERSION = 5.0;
				TARGETED_DEVICE_FAMILY = "1,2";
			};
			name = Debug;
		};
		CE8A7C2428BBD678006228EA /* Release */ = {
			isa = XCBuildConfiguration;
			buildSettings = {
				ASSETCATALOG_COMPILER_APPICON_NAME = AppIcon;
				ASSETCATALOG_COMPILER_GLOBAL_ACCENT_COLOR_NAME = AccentColor;
				CODE_SIGN_STYLE = Automatic;
				CURRENT_PROJECT_VERSION = 1;
				GENERATE_INFOPLIST_FILE = YES;
				INFOPLIST_FILE = CodePathPrework/Info.plist;
				INFOPLIST_KEY_UIApplicationSupportsIndirectInputEvents = YES;
				INFOPLIST_KEY_UILaunchStoryboardName = LaunchScreen;
				INFOPLIST_KEY_UIMainStoryboardFile = Main;
				INFOPLIST_KEY_UISupportedInterfaceOrientations_iPad = "UIInterfaceOrientationPortrait UIInterfaceOrientationPortraitUpsideDown UIInterfaceOrientationLandscapeLeft UIInterfaceOrientationLandscapeRight";
				INFOPLIST_KEY_UISupportedInterfaceOrientations_iPhone = "UIInterfaceOrientationPortrait UIInterfaceOrientationLandscapeLeft UIInterfaceOrientationLandscapeRight";
				LD_RUNPATH_SEARCH_PATHS = (
					"$(inherited)",
					"@executable_path/Frameworks",
				);
				MARKETING_VERSION = 1.0;
				PRODUCT_BUNDLE_IDENTIFIER = "Loc-Tran.CodePathPrework";
				PRODUCT_NAME = "$(TARGET_NAME)";
				SWIFT_EMIT_LOC_STRINGS = YES;
				SWIFT_VERSION = 5.0;
				TARGETED_DEVICE_FAMILY = "1,2";
			};
			name = Release;
		};
		CE8A7C2628BBD678006228EA /* Debug */ = {
			isa = XCBuildConfiguration;
			buildSettings = {
				ALWAYS_EMBED_SWIFT_STANDARD_LIBRARIES = YES;
				BUNDLE_LOADER = "$(TEST_HOST)";
				CODE_SIGN_STYLE = Automatic;
				CURRENT_PROJECT_VERSION = 1;
				GENERATE_INFOPLIST_FILE = YES;
				IPHONEOS_DEPLOYMENT_TARGET = 15.5;
				MARKETING_VERSION = 1.0;
				PRODUCT_BUNDLE_IDENTIFIER = "Loc-Tran.CodePathPreworkTests";
				PRODUCT_NAME = "$(TARGET_NAME)";
				SWIFT_EMIT_LOC_STRINGS = NO;
				SWIFT_VERSION = 5.0;
				TARGETED_DEVICE_FAMILY = "1,2";
				TEST_HOST = "$(BUILT_PRODUCTS_DIR)/CodePathPrework.app/CodePathPrework";
			};
			name = Debug;
		};
		CE8A7C2728BBD678006228EA /* Release */ = {
			isa = XCBuildConfiguration;
			buildSettings = {
				ALWAYS_EMBED_SWIFT_STANDARD_LIBRARIES = YES;
				BUNDLE_LOADER = "$(TEST_HOST)";
				CODE_SIGN_STYLE = Automatic;
				CURRENT_PROJECT_VERSION = 1;
				GENERATE_INFOPLIST_FILE = YES;
				IPHONEOS_DEPLOYMENT_TARGET = 15.5;
				MARKETING_VERSION = 1.0;
				PRODUCT_BUNDLE_IDENTIFIER = "Loc-Tran.CodePathPreworkTests";
				PRODUCT_NAME = "$(TARGET_NAME)";
				SWIFT_EMIT_LOC_STRINGS = NO;
				SWIFT_VERSION = 5.0;
				TARGETED_DEVICE_FAMILY = "1,2";
				TEST_HOST = "$(BUILT_PRODUCTS_DIR)/CodePathPrework.app/CodePathPrework";
			};
			name = Release;
		};
		CE8A7C2928BBD678006228EA /* Debug */ = {
			isa = XCBuildConfiguration;
			buildSettings = {
				ALWAYS_EMBED_SWIFT_STANDARD_LIBRARIES = YES;
				CODE_SIGN_STYLE = Automatic;
				CURRENT_PROJECT_VERSION = 1;
				GENERATE_INFOPLIST_FILE = YES;
				MARKETING_VERSION = 1.0;
				PRODUCT_BUNDLE_IDENTIFIER = "Loc-Tran.CodePathPreworkUITests";
				PRODUCT_NAME = "$(TARGET_NAME)";
				SWIFT_EMIT_LOC_STRINGS = NO;
				SWIFT_VERSION = 5.0;
				TARGETED_DEVICE_FAMILY = "1,2";
				TEST_TARGET_NAME = CodePathPrework;
			};
			name = Debug;
		};
		CE8A7C2A28BBD678006228EA /* Release */ = {
			isa = XCBuildConfiguration;
			buildSettings = {
				ALWAYS_EMBED_SWIFT_STANDARD_LIBRARIES = YES;
				CODE_SIGN_STYLE = Automatic;
				CURRENT_PROJECT_VERSION = 1;
				GENERATE_INFOPLIST_FILE = YES;
				MARKETING_VERSION = 1.0;
				PRODUCT_BUNDLE_IDENTIFIER = "Loc-Tran.CodePathPreworkUITests";
				PRODUCT_NAME = "$(TARGET_NAME)";
				SWIFT_EMIT_LOC_STRINGS = NO;
				SWIFT_VERSION = 5.0;
				TARGETED_DEVICE_FAMILY = "1,2";
				TEST_TARGET_NAME = CodePathPrework;
			};
			name = Release;
		};
/* End XCBuildConfiguration section */

/* Begin XCConfigurationList section */
		CE8A7BF328BBD677006228EA /* Build configuration list for PBXProject "CodePathPrework" */ = {
			isa = XCConfigurationList;
			buildConfigurations = (
				CE8A7C2028BBD678006228EA /* Debug */,
				CE8A7C2128BBD678006228EA /* Release */,
			);
			defaultConfigurationIsVisible = 0;
			defaultConfigurationName = Release;
		};
		CE8A7C2228BBD678006228EA /* Build configuration list for PBXNativeTarget "CodePathPrework" */ = {
			isa = XCConfigurationList;
			buildConfigurations = (
				CE8A7C2328BBD678006228EA /* Debug */,
				CE8A7C2428BBD678006228EA /* Release */,
			);
			defaultConfigurationIsVisible = 0;
			defaultConfigurationName = Release;
		};
		CE8A7C2528BBD678006228EA /* Build configuration list for PBXNativeTarget "CodePathPreworkTests" */ = {
			isa = XCConfigurationList;
			buildConfigurations = (
				CE8A7C2628BBD678006228EA /* Debug */,
				CE8A7C2728BBD678006228EA /* Release */,
			);
			defaultConfigurationIsVisible = 0;
			defaultConfigurationName = Release;
		};
		CE8A7C2828BBD678006228EA /* Build configuration list for PBXNativeTarget "CodePathPreworkUITests" */ = {
			isa = XCConfigurationList;
			buildConfigurations = (
				CE8A7C2928BBD678006228EA /* Debug */,
				CE8A7C2A28BBD678006228EA /* Release */,
			);
			defaultConfigurationIsVisible = 0;
			defaultConfigurationName = Release;
		};
/* End XCConfigurationList section */
	};
	rootObject = CE8A7BF028BBD677006228EA /* Project object */;
}
